
Microsoft Visual Studio Solution File, Format Version 12.00
# Visual Studio 2012
Project("{FAE04EC0-301F-11D3-BF4B-00C04F79EFBC}") = "LabyrinthMvc", "LabyrinthMvc\LabyrinthMvc.csproj", "{812AB812-3A16-48A3-8735-93B2FBC0A79E}"
EndProject
Global
	GlobalSection(SolutionConfigurationPlatforms) = preSolution
		Debug|Any CPU = Debug|Any CPU
		Release|Any CPU = Release|Any CPU
	EndGlobalSection
	GlobalSection(ProjectConfigurationPlatforms) = postSolution
		{812AB812-3A16-48A3-8735-93B2FBC0A79E}.Debug|Any CPU.ActiveCfg = Debug|Any CPU
		{812AB812-3A16-48A3-8735-93B2FBC0A79E}.Debug|Any CPU.Build.0 = Debug|Any CPU
		{812AB812-3A16-48A3-8735-93B2FBC0A79E}.Release|Any CPU.ActiveCfg = Release|Any CPU
		{812AB812-3A16-48A3-8735-93B2FBC0A79E}.Release|Any CPU.Build.0 = Release|Any CPU
	EndGlobalSection
	GlobalSection(SolutionProperties) = preSolution
		HideSolutionNode = FALSE
	EndGlobalSection
EndGlobal
